
Microsoft Visual Studio Solution File, Format Version 12.00
# Visual Studio 15
Project("{FAE04EC0-301F-11D3-BF4B-00C04F79EFBC}") = "Assembly-CSharp", "Assembly-CSharp.csproj", "{5A8BD4D6-C3C0-7949-2923-EB4231602AB9}"
EndProject
Project("{FAE04EC0-301F-11D3-BF4B-00C04F79EFBC}") = "Assembly-CSharp-firstpass", "Assembly-CSharp-firstpass.csproj", "{796A45E5-17A8-D36B-063F-EFD17CE1AED3}"
EndProject
Global
	GlobalSection(SolutionConfigurationPlatforms) = preSolution
		Debug|Any CPU = Debug|Any CPU
		Release|Any CPU = Release|Any CPU
	EndGlobalSection
	GlobalSection(ProjectConfigurationPlatforms) = postSolution
		{5A8BD4D6-C3C0-7949-2923-EB4231602AB9}.Debug|Any CPU.ActiveCfg = Debug|Any CPU
		{5A8BD4D6-C3C0-7949-2923-EB4231602AB9}.Debug|Any CPU.Build.0 = Debug|Any CPU
		{5A8BD4D6-C3C0-7949-2923-EB4231602AB9}.Release|Any CPU.ActiveCfg = Release|Any CPU
		{5A8BD4D6-C3C0-7949-2923-EB4231602AB9}.Release|Any CPU.Build.0 = Release|Any CPU
		{796A45E5-17A8-D36B-063F-EFD17CE1AED3}.Debug|Any CPU.ActiveCfg = Debug|Any CPU
		{796A45E5-17A8-D36B-063F-EFD17CE1AED3}.Debug|Any CPU.Build.0 = Debug|Any CPU
		{796A45E5-17A8-D36B-063F-EFD17CE1AED3}.Release|Any CPU.ActiveCfg = Release|Any CPU
		{796A45E5-17A8-D36B-063F-EFD17CE1AED3}.Release|Any CPU.Build.0 = Release|Any CPU
	EndGlobalSection
	GlobalSection(SolutionProperties) = preSolution
		HideSolutionNode = FALSE
	EndGlobalSection
EndGlobal
